// !$*UTF8*$!
{
	archiveVersion = 1;
	classes = {
	};
	objectVersion = 46;
	objects = {

/* Begin PBXBuildFile section */
		514BF0281C7EB8AB00E78998 /* AppDelegate.swift in Sources */ = {isa = PBXBuildFile; fileRef = 514BF0271C7EB8AB00E78998 /* AppDelegate.swift */; };
		514BF02A1C7EB8AB00E78998 /* Shader.fsh in Resources */ = {isa = PBXBuildFile; fileRef = 514BF0291C7EB8AB00E78998 /* Shader.fsh */; };
		514BF02C1C7EB8AB00E78998 /* Shader.vsh in Resources */ = {isa = PBXBuildFile; fileRef = 514BF02B1C7EB8AB00E78998 /* Shader.vsh */; };
		514BF02E1C7EB8AB00E78998 /* GameViewController.swift in Sources */ = {isa = PBXBuildFile; fileRef = 514BF02D1C7EB8AB00E78998 /* GameViewController.swift */; };
		514BF0311C7EB8AB00E78998 /* Main.storyboard in Resources */ = {isa = PBXBuildFile; fileRef = 514BF02F1C7EB8AB00E78998 /* Main.storyboard */; };
		514BF0331C7EB8AB00E78998 /* Assets.xcassets in Resources */ = {isa = PBXBuildFile; fileRef = 514BF0321C7EB8AB00E78998 /* Assets.xcassets */; };
		514BF0361C7EB8AB00E78998 /* LaunchScreen.storyboard in Resources */ = {isa = PBXBuildFile; fileRef = 514BF0341C7EB8AB00E78998 /* LaunchScreen.storyboard */; };
		5177FC201C7ECDE20068FDF0 /* test.swift in Sources */ = {isa = PBXBuildFile; fileRef = 5177FC1F1C7ECDE20068FDF0 /* test.swift */; };
/* End PBXBuildFile section */

/* Begin PBXFileReference section */
		514BF0241C7EB8AB00E78998 /* ES13.app */ = {isa = PBXFileReference; explicitFileType = wrapper.application; includeInIndex = 0; path = ES13.app; sourceTree = BUILT_PRODUCTS_DIR; };
		514BF0271C7EB8AB00E78998 /* AppDelegate.swift */ = {isa = PBXFileReference; lastKnownFileType = sourcecode.swift; path = AppDelegate.swift; sourceTree = "<group>"; };
		514BF0291C7EB8AB00E78998 /* Shader.fsh */ = {isa = PBXFileReference; lastKnownFileType = sourcecode.glsl; name = Shader.fsh; path = Shaders/Shader.fsh; sourceTree = "<group>"; };
		514BF02B1C7EB8AB00E78998 /* Shader.vsh */ = {isa = PBXFileReference; lastKnownFileType = sourcecode.glsl; name = Shader.vsh; path = Shaders/Shader.vsh; sourceTree = "<group>"; };
		514BF02D1C7EB8AB00E78998 /* GameViewController.swift */ = {isa = PBXFileReference; lastKnownFileType = sourcecode.swift; path = GameViewController.swift; sourceTree = "<group>"; };
		514BF0301C7EB8AB00E78998 /* Base */ = {isa = PBXFileReference; lastKnownFileType = file.storyboard; name = Base; path = Base.lproj/Main.storyboard; sourceTree = "<group>"; };
		514BF0321C7EB8AB00E78998 /* Assets.xcassets */ = {isa = PBXFileReference; lastKnownFileType = folder.assetcatalog; path = Assets.xcassets; sourceTree = "<group>"; };
		514BF0351C7EB8AB00E78998 /* Base */ = {isa = PBXFileReference; lastKnownFileType = file.storyboard; name = Base; path = Base.lproj/LaunchScreen.storyboard; sourceTree = "<group>"; };
		514BF0371C7EB8AB00E78998 /* Info.plist */ = {isa = PBXFileReference; lastKnownFileType = text.plist.xml; path = Info.plist; sourceTree = "<group>"; };
		5177FC1F1C7ECDE20068FDF0 /* test.swift */ = {isa = PBXFileReference; fileEncoding = 4; lastKnownFileType = sourcecode.swift; path = test.swift; sourceTree = "<group>"; };
/* End PBXFileReference section */

/* Begin PBXFrameworksBuildPhase section */
		514BF0211C7EB8AB00E78998 /* Frameworks */ = {
			isa = PBXFrameworksBuildPhase;
			buildActionMask = 2147483647;
			files = (
			);
			runOnlyForDeploymentPostprocessing = 0;
		};
/* End PBXFrameworksBuildPhase section */

/* Begin PBXGroup section */
		514BF01B1C7EB8AB00E78998 = {
			isa = PBXGroup;
			children = (
				514BF0261C7EB8AB00E78998 /* ES13 */,
				514BF0251C7EB8AB00E78998 /* Products */,
			);
			sourceTree = "<group>";
		};
		514BF0251C7EB8AB00E78998 /* Products */ = {
			isa = PBXGroup;
			children = (
				514BF0241C7EB8AB00E78998 /* ES13.app */,
			);
			name = Products;
			sourceTree = "<group>";
		};
		514BF0261C7EB8AB00E78998 /* ES13 */ = {
			isa = PBXGroup;
			children = (
				514BF0271C7EB8AB00E78998 /* AppDelegate.swift */,
				514BF0291C7EB8AB00E78998 /* Shader.fsh */,
				514BF02B1C7EB8AB00E78998 /* Shader.vsh */,
				514BF02D1C7EB8AB00E78998 /* GameViewController.swift */,
				5177FC1F1C7ECDE20068FDF0 /* test.swift */,
				514BF02F1C7EB8AB00E78998 /* Main.storyboard */,
				514BF0321C7EB8AB00E78998 /* Assets.xcassets */,
				514BF0341C7EB8AB00E78998 /* LaunchScreen.storyboard */,
				514BF0371C7EB8AB00E78998 /* Info.plist */,
			);
			path = ES13;
			sourceTree = "<group>";
		};
/* End PBXGroup section */

/* Begin PBXNativeTarget section */
		514BF0231C7EB8AB00E78998 /* ES13 */ = {
			isa = PBXNativeTarget;
			buildConfigurationList = 514BF03A1C7EB8AB00E78998 /* Build configuration list for PBXNativeTarget "ES13" */;
			buildPhases = (
				514BF0201C7EB8AB00E78998 /* Sources */,
				514BF0211C7EB8AB00E78998 /* Frameworks */,
				514BF0221C7EB8AB00E78998 /* Resources */,
			);
			buildRules = (
			);
			dependencies = (
			);
			name = ES13;
			productName = ES13;
			productReference = 514BF0241C7EB8AB00E78998 /* ES13.app */;
			productType = "com.apple.product-type.application";
		};
/* End PBXNativeTarget section */

/* Begin PBXProject section */
		514BF01C1C7EB8AB00E78998 /* Project object */ = {
			isa = PBXProject;
			attributes = {
				LastSwiftUpdateCheck = 0720;
				LastUpgradeCheck = 0720;
				ORGANIZATIONNAME = "Justking Games";
				TargetAttributes = {
					514BF0231C7EB8AB00E78998 = {
						CreatedOnToolsVersion = 7.2.1;
					};
				};
			};
			buildConfigurationList = 514BF01F1C7EB8AB00E78998 /* Build configuration list for PBXProject "ES13" */;
			compatibilityVersion = "Xcode 3.2";
			developmentRegion = English;
			hasScannedForEncodings = 0;
			knownRegions = (
				en,
				Base,
			);
			mainGroup = 514BF01B1C7EB8AB00E78998;
			productRefGroup = 514BF0251C7EB8AB00E78998 /* Products */;
			projectDirPath = "";
			projectRoot = "";
			targets = (
				514BF0231C7EB8AB00E78998 /* ES13 */,
			);
		};
/* End PBXProject section */

/* Begin PBXResourcesBuildPhase section */
		514BF0221C7EB8AB00E78998 /* Resources */ = {
			isa = PBXResourcesBuildPhase;
			buildActionMask = 2147483647;
			files = (
				514BF0311C7EB8AB00E78998 /* Main.storyboard in Resources */,
				514BF02C1C7EB8AB00E78998 /* Shader.vsh in Resources */,
				514BF0331C7EB8AB00E78998 /* Assets.xcassets in Resources */,
				514BF0361C7EB8AB00E78998 /* LaunchScreen.storyboard in Resources */,
				514BF02A1C7EB8AB00E78998 /* Shader.fsh in Resources */,
			);
			runOnlyForDeploymentPostprocessing = 0;
		};
/* End PBXResourcesBuildPhase section */

/* Begin PBXSourcesBuildPhase section */
		514BF0201C7EB8AB00E78998 /* Sources */ = {
			isa = PBXSourcesBuildPhase;
			buildActionMask = 2147483647;
			files = (
				514BF02E1C7EB8AB00E78998 /* GameViewController.swift in Sources */,
				5177FC201C7ECDE20068FDF0 /* test.swift in Sources */,
				514BF0281C7EB8AB00E78998 /* AppDelegate.swift in Sources */,
			);
			runOnlyForDeploymentPostprocessing = 0;
		};
/* End PBXSourcesBuildPhase section */

/* Begin PBXVariantGroup section */
		514BF02F1C7EB8AB00E78998 /* Main.storyboard */ = {
			isa = PBXVariantGroup;
			children = (
				514BF0301C7EB8AB00E78998 /* Base */,
			);
			name = Main.storyboard;
			sourceTree = "<group>";
		};
		514BF0341C7EB8AB00E78998 /* LaunchScreen.storyboard */ = {
			isa = PBXVariantGroup;
			children = (
				514BF0351C7EB8AB00E78998 /* Base */,
			);
			name = LaunchScreen.storyboard;
			sourceTree = "<group>";
		};
/* End PBXVariantGroup section */

/* Begin XCBuildConfiguration section */
		514BF0381C7EB8AB00E78998 /* Debug */ = {
			isa = XCBuildConfiguration;
			buildSettings = {
				ALWAYS_SEARCH_USER_PATHS = NO;
				CLANG_CXX_LANGUAGE_STANDARD = "gnu++0x";
				CLANG_CXX_LIBRARY = "libc++";
				CLANG_ENABLE_MODULES = YES;
				CLANG_ENABLE_OBJC_ARC = YES;
				CLANG_WARN_BOOL_CONVERSION = YES;
				CLANG_WARN_CONSTANT_CONVERSION = YES;
				CLANG_WARN_DIRECT_OBJC_ISA_USAGE = YES_ERROR;
				CLANG_WARN_EMPTY_BODY = YES;
				CLANG_WARN_ENUM_CONVERSION = YES;
				CLANG_WARN_INT_CONVERSION = YES;
				CLANG_WARN_OBJC_ROOT_CLASS = YES_ERROR;
				CLANG_WARN_UNREACHABLE_CODE = YES;
				CLANG_WARN__DUPLICATE_METHOD_MATCH = YES;
				"CODE_SIGN_IDENTITY[sdk=iphoneos*]" = "iPhone Developer";
				COPY_PHASE_STRIP = NO;
				DEBUG_INFORMATION_FORMAT = "dwarf-with-dsym";
				ENABLE_STRICT_OBJC_MSGSEND = YES;
				ENABLE_TESTABILITY = YES;
				GCC_C_LANGUAGE_STANDARD = gnu99;
				GCC_DYNAMIC_NO_PIC = NO;
				GCC_NO_COMMON_BLOCKS = YES;
				GCC_OPTIMIZATION_LEVEL = 0;
				GCC_PREPROCESSOR_DEFINITIONS = (
					"DEBUG=1",
					"$(inherited)",
				);
				GCC_WARN_64_TO_32_BIT_CONVERSION = YES;
				GCC_WARN_ABOUT_RETURN_TYPE = YES_ERROR;
				GCC_WARN_UNDECLARED_SELECTOR = YES;
				GCC_WARN_UNINITIALIZED_AUTOS = YES_AGGRESSIVE;
				GCC_WARN_UNUSED_FUNCTION = YES;
				GCC_WARN_UNUSED_VARIABLE = YES;
				IPHONEOS_DEPLOYMENT_TARGET = 9.2;
				MTL_ENABLE_DEBUG_INFO = YES;
				ONLY_ACTIVE_ARCH = YES;
				SDKROOT = iphoneos;
				SWIFT_OPTIMIZATION_LEVEL = "-Onone";
				TARGETED_DEVICE_FAMILY = "1,2";
			};
			name = Debug;
		};
		514BF0391C7EB8AB00E78998 /* Release */ = {
			isa = XCBuildConfiguration;
			buildSettings = {
				ALWAYS_SEARCH_USER_PATHS = NO;
				CLANG_CXX_LANGUAGE_STANDARD = "gnu++0x";
				CLANG_CXX_LIBRARY = "libc++";
				CLANG_ENABLE_MODULES = YES;
				CLANG_ENABLE_OBJC_ARC = YES;
				CLANG_WARN_BOOL_CONVERSION = YES;
				CLANG_WARN_CONSTANT_CONVERSION = YES;
				CLANG_WARN_DIRECT_OBJC_ISA_USAGE = YES_ERROR;
				CLANG_WARN_EMPTY_BODY = YES;
				CLANG_WARN_ENUM_CONVERSION = YES;
				CLANG_WARN_INT_CONVERSION = YES;
				CLANG_WARN_OBJC_ROOT_CLASS = YES_ERROR;
				CLANG_WARN_UNREACHABLE_CODE = YES;
				CLANG_WARN__DUPLICATE_METHOD_MATCH = YES;
				"CODE_SIGN_IDENTITY[sdk=iphoneos*]" = "iPhone Developer";
				COPY_PHASE_STRIP = NO;
				DEBUG_INFORMATION_FORMAT = "dwarf-with-dsym";
				ENABLE_NS_ASSERTIONS = NO;
				ENABLE_STRICT_OBJC_MSGSEND = YES;
				GCC_C_LANGUAGE_STANDARD = gnu99;
				GCC_NO_COMMON_BLOCKS = YES;
				GCC_WARN_64_TO_32_BIT_CONVERSION = YES;
				GCC_WARN_ABOUT_RETURN_TYPE = YES_ERROR;
				GCC_WARN_UNDECLARED_SELECTOR = YES;
				GCC_WARN_UNINITIALIZED_AUTOS = YES_AGGRESSIVE;
				GCC_WARN_UNUSED_FUNCTION = YES;
				GCC_WARN_UNUSED_VARIABLE = YES;
				IPHONEOS_DEPLOYMENT_TARGET = 9.2;
				MTL_ENABLE_DEBUG_INFO = NO;
				SDKROOT = iphoneos;
				TARGETED_DEVICE_FAMILY = "1,2";
				VALIDATE_PRODUCT = YES;
			};
			name = Release;
		};
		514BF03B1C7EB8AB00E78998 /* Debug */ = {
			isa = XCBuildConfiguration;
			buildSettings = {
				ASSETCATALOG_COMPILER_APPICON_NAME = AppIcon;
				INFOPLIST_FILE = ES13/Info.plist;
				LD_RUNPATH_SEARCH_PATHS = "$(inherited) @executable_path/Frameworks";
				PRODUCT_BUNDLE_IDENTIFIER = Justking.ES13;
				PRODUCT_NAME = "$(TARGET_NAME)";
			};
			name = Debug;
		};
		514BF03C1C7EB8AB00E78998 /* Release */ = {
			isa = XCBuildConfiguration;
			buildSettings = {
				ASSETCATALOG_COMPILER_APPICON_NAME = AppIcon;
				INFOPLIST_FILE = ES13/Info.plist;
				LD_RUNPATH_SEARCH_PATHS = "$(inherited) @executable_path/Frameworks";
				PRODUCT_BUNDLE_IDENTIFIER = Justking.ES13;
				PRODUCT_NAME = "$(TARGET_NAME)";
			};
			name = Release;
		};
/* End XCBuildConfiguration section */

/* Begin XCConfigurationList section */
		514BF01F1C7EB8AB00E78998 /* Build configuration list for PBXProject "ES13" */ = {
			isa = XCConfigurationList;
			buildConfigurations = (
				514BF0381C7EB8AB00E78998 /* Debug */,
				514BF0391C7EB8AB00E78998 /* Release */,
			);
			defaultConfigurationIsVisible = 0;
			defaultConfigurationName = Release;
		};
		514BF03A1C7EB8AB00E78998 /* Build configuration list for PBXNativeTarget "ES13" */ = {
			isa = XCConfigurationList;
			buildConfigurations = (
				514BF03B1C7EB8AB00E78998 /* Debug */,
				514BF03C1C7EB8AB00E78998 /* Release */,
			);
			defaultConfigurationIsVisible = 0;
			defaultConfigurationName = Release;
		};
/* End XCConfigurationList section */
	};
	rootObject = 514BF01C1C7EB8AB00E78998 /* Project object */;
}
